{"format_version":"1.0","provider_schemas":{"registry.terraform.io/goauthentik/authentik":{"provider":{"version":0,"block":{"attributes":{"insecure":{"type":"bool","description":"Whether to skip TLS verification, can optionally be passed as `AUTHENTIK_INSECURE` environmental variable","description_kind":"markdown","optional":true},"token":{"type":"string","description":"The authentik API token, can optionally be passed as `AUTHENTIK_TOKEN` environmental variable","description_kind":"markdown","required":true,"sensitive":true},"url":{"type":"string","description":"The authentik API endpoint, can optionally be passed as `AUTHENTIK_URL` environmental variable","description_kind":"markdown","required":true}},"description_kind":"plain"}},"resource_schemas":{"authentik_application":{"version":0,"block":{"attributes":{"group":{"type":"string","description_kind":"plain","optional":true},"id":{"type":"string","description_kind":"plain","optional":true,"computed":true},"meta_description":{"type":"string","description_kind":"plain","optional":true},"meta_icon":{"type":"string","description_kind":"plain","optional":true},"meta_launch_url":{"type":"string","description_kind":"plain","optional":true},"meta_publisher":{"type":"string","description_kind":"plain","optional":true},"name":{"type":"string","description_kind":"plain","required":true},"open_in_new_tab":{"type":"bool","description":"Defaults to `false`.","description_kind":"markdown","optional":true},"policy_engine_mode":{"type":"string","description":"Defaults to `any`.","description_kind":"markdown","optional":true},"protocol_provider":{"type":"number","description_kind":"plain","optional":true},"slug":{"type":"string","description_kind":"plain","required":true},"uuid":{"type":"string","description_kind":"plain","optional":true,"computed":true}},"description_kind":"plain"}},"authentik_certificate_key_pair":{"version":0,"block":{"attributes":{"certificate_data":{"type":"string","description_kind":"plain","required":true},"id":{"type":"string","description_kind":"plain","optional":true,"computed":true},"key_data":{"type":"string","description_kind":"plain","optional":true,"sensitive":true},"name":{"type":"string","description_kind":"plain","required":true}},"description_kind":"plain"}},"authentik_event_rule":{"version":0,"block":{"attributes":{"group":{"type":"string","description_kind":"plain","optional":true},"id":{"type":"string","description_kind":"plain","optional":true,"computed":true},"name":{"type":"string","description_kind":"plain","required":true},"severity":{"type":"string","description":"Defaults to `warning`.","description_kind":"markdown","optional":true},"transports":{"type":["list","string"],"description_kind":"plain","required":true},"webhook_mapping":{"type":"string","description_kind":"plain","optional":true}},"description_kind":"plain"}},"authentik_event_transport":{"version":0,"block":{"attributes":{"id":{"type":"string","description_kind":"plain","optional":true,"computed":true},"mode":{"type":"string","description_kind":"plain","required":true},"name":{"type":"string","description_kind":"plain","required":true},"send_once":{"type":"bool","description":"Defaults to `true`.","description_kind":"markdown","optional":true},"webhook_mapping":{"type":"string","description_kind":"plain","optional":true},"webhook_url":{"type":"string","description_kind":"plain","optional":true}},"description_kind":"plain"}},"authentik_flow":{"version":0,"block":{"attributes":{"background":{"type":"string","description":"Optional URL to an image which will be used as the background during the flow.","description_kind":"markdown","optional":true},"compatibility_mode":{"type":"bool","description":"Defaults to `true`.","description_kind":"markdown","optional":true},"designation":{"type":"string","description_kind":"plain","required":true},"id":{"type":"string","description_kind":"plain","optional":true,"computed":true},"layout":{"type":"string","description":"Defaults to `stacked`.","description_kind":"markdown","optional":true},"name":{"type":"string","description_kind":"plain","required":true},"policy_engine_mode":{"type":"string","description":"Defaults to `any`.","description_kind":"markdown","optional":true},"slug":{"type":"string","description_kind":"plain","required":true},"title":{"type":"string","description_kind":"plain","required":true},"uuid":{"type":"string","description_kind":"plain","computed":true}},"description_kind":"plain"}},"authentik_flow_stage_binding":{"version":0,"block":{"attributes":{"evaluate_on_plan":{"type":"bool","description":"Defaults to `true`.","description_kind":"markdown","optional":true},"id":{"type":"string","description_kind":"plain","optional":true,"computed":true},"invalid_response_action":{"type":"string","description":"Defaults to `retry`.","description_kind":"markdown","optional":true},"order":{"type":"number","description_kind":"plain","required":true},"policy_engine_mode":{"type":"string","description":"Defaults to `any`.","description_kind":"markdown","optional":true},"re_evaluate_policies":{"type":"bool","description":"Defaults to `false`.","description_kind":"markdown","optional":true},"stage":{"type":"string","description_kind":"plain","required":true},"target":{"type":"string","description_kind":"plain","required":true}},"description_kind":"plain"}},"authentik_group":{"version":0,"block":{"attributes":{"attributes":{"type":"string","description":"Defaults to `{}`.","description_kind":"markdown","optional":true},"id":{"type":"string","description_kind":"plain","optional":true,"computed":true},"is_superuser":{"type":"bool","description":"Defaults to `false`.","description_kind":"markdown","optional":true},"name":{"type":"string","description_kind":"plain","required":true},"parent":{"type":"string","description_kind":"plain","optional":true},"users":{"type":["list","number"],"description_kind":"plain","optional":true,"computed":true}},"description_kind":"plain"}},"authentik_outpost":{"version":0,"block":{"attributes":{"config":{"type":"string","description_kind":"plain","optional":true,"computed":true},"id":{"type":"string","description_kind":"plain","optional":true,"computed":true},"name":{"type":"string","description_kind":"plain","required":true},"protocol_providers":{"type":["list","number"],"description_kind":"plain","required":true},"service_connection":{"type":"string","description_kind":"plain","optional":true},"type":{"type":"string","description":"Defaults to `proxy`.","description_kind":"markdown","optional":true}},"description_kind":"plain"}},"authentik_policy_binding":{"version":0,"block":{"attributes":{"enabled":{"type":"bool","description":"Defaults to `true`.","description_kind":"markdown","optional":true},"group":{"type":"string","description":"UUID of the group","description_kind":"markdown","optional":true},"id":{"type":"string","description_kind":"plain","optional":true,"computed":true},"negate":{"type":"bool","description":"Defaults to `false`.","description_kind":"markdown","optional":true},"order":{"type":"number","description_kind":"plain","required":true},"policy":{"type":"string","description":"UUID of the policy","description_kind":"markdown","optional":true},"target":{"type":"string","description":"ID of the object this binding should apply to","description_kind":"markdown","required":true},"timeout":{"type":"number","description":"Defaults to `30`.","description_kind":"markdown","optional":true},"user":{"type":"number","description":"PK of the user","description_kind":"markdown","optional":true}},"description_kind":"plain"}},"authentik_policy_dummy":{"version":0,"block":{"attributes":{"execution_logging":{"type":"bool","description":"Defaults to `false`.","description_kind":"markdown","optional":true},"id":{"type":"string","description_kind":"plain","optional":true,"computed":true},"name":{"type":"string","description_kind":"plain","required":true},"result":{"type":"bool","description":"Defaults to `false`.","description_kind":"markdown","optional":true},"wait_max":{"type":"number","description":"Defaults to `30`.","description_kind":"markdown","optional":true},"wait_min":{"type":"number","description":"Defaults to `5`.","description_kind":"markdown","optional":true}},"description_kind":"plain"}},"authentik_policy_event_matcher":{"version":0,"block":{"attributes":{"action":{"type":"string","description_kind":"plain","required":true},"app":{"type":"string","description_kind":"plain","required":true},"client_ip":{"type":"string","description_kind":"plain","optional":true},"execution_logging":{"type":"bool","description":"Defaults to `false`.","description_kind":"markdown","optional":true},"id":{"type":"string","description_kind":"plain","optional":true,"computed":true},"name":{"type":"string","description_kind":"plain","required":true}},"description_kind":"plain"}},"authentik_policy_expiry":{"version":0,"block":{"attributes":{"days":{"type":"number","description_kind":"plain","required":true},"deny_only":{"type":"bool","description":"Defaults to `false`.","description_kind":"markdown","optional":true},"execution_logging":{"type":"bool","description":"Defaults to `false`.","description_kind":"markdown","optional":true},"id":{"type":"string","description_kind":"plain","optional":true,"computed":true},"name":{"type":"string","description_kind":"plain","required":true}},"description_kind":"plain"}},"authentik_policy_expression":{"version":0,"block":{"attributes":{"execution_logging":{"type":"bool","description":"Defaults to `false`.","description_kind":"markdown","optional":true},"expression":{"type":"string","description_kind":"plain","required":true},"id":{"type":"string","description_kind":"plain","optional":true,"computed":true},"name":{"type":"string","description_kind":"plain","required":true}},"description_kind":"plain"}},"authentik_policy_hibp":{"version":0,"block":{"attributes":{"allowed_count":{"type":"number","description":"Defaults to `1`.","description_kind":"markdown","optional":true},"execution_logging":{"type":"bool","description":"Defaults to `false`.","description_kind":"markdown","optional":true},"id":{"type":"string","description_kind":"plain","optional":true,"computed":true},"name":{"type":"string","description_kind":"plain","required":true},"password_field":{"type":"string","description":"Defaults to `password`.","description_kind":"markdown","optional":true}},"description_kind":"plain"}},"authentik_policy_password":{"version":0,"block":{"attributes":{"amount_digits":{"type":"number","description_kind":"plain","optional":true},"amount_lowercase":{"type":"number","description_kind":"plain","optional":true},"amount_symbols":{"type":"number","description_kind":"plain","optional":true},"amount_uppercase":{"type":"number","description_kind":"plain","optional":true},"error_message":{"type":"string","description_kind":"plain","required":true},"execution_logging":{"type":"bool","description":"Defaults to `false`.","description_kind":"markdown","optional":true},"id":{"type":"string","description_kind":"plain","optional":true,"computed":true},"length_min":{"type":"number","description_kind":"plain","optional":true},"name":{"type":"string","description_kind":"plain","required":true},"password_field":{"type":"string","description":"Defaults to `password`.","description_kind":"markdown","optional":true},"symbol_charset":{"type":"string","description":"Defaults to `!\\\"#$%\u0026'()*+,-./:;\u003c=\u003e?@[\\]^_`{|}~`.","description_kind":"markdown","optional":true}},"description_kind":"plain"}},"authentik_policy_reputation":{"version":0,"block":{"attributes":{"check_ip":{"type":"bool","description":"Defaults to `true`.","description_kind":"markdown","optional":true},"check_username":{"type":"bool","description":"Defaults to `true`.","description_kind":"markdown","optional":true},"execution_logging":{"type":"bool","description":"Defaults to `false`.","description_kind":"markdown","optional":true},"id":{"type":"string","description_kind":"plain","optional":true,"computed":true},"name":{"type":"string","description_kind":"plain","required":true},"threshold":{"type":"number","description":"Defaults to `10`.","description_kind":"markdown","optional":true}},"description_kind":"plain"}},"authentik_property_mapping_ldap":{"version":0,"block":{"attributes":{"expression":{"type":"string","description_kind":"plain","required":true},"id":{"type":"string","description_kind":"plain","optional":true,"computed":true},"name":{"type":"string","description_kind":"plain","required":true},"object_field":{"type":"string","description_kind":"plain","required":true}},"description_kind":"plain"}},"authentik_property_mapping_notification":{"version":0,"block":{"attributes":{"expression":{"type":"string","description_kind":"plain","required":true},"id":{"type":"string","description_kind":"plain","optional":true,"computed":true},"name":{"type":"string","description_kind":"plain","required":true}},"description_kind":"plain"}},"authentik_property_mapping_saml":{"version":0,"block":{"attributes":{"expression":{"type":"string","description_kind":"plain","required":true},"friendly_name":{"type":"string","description_kind":"plain","optional":true},"id":{"type":"string","description_kind":"plain","optional":true,"computed":true},"name":{"type":"string","description_kind":"plain","required":true},"saml_name":{"type":"string","description_kind":"plain","required":true}},"description_kind":"plain"}},"authentik_provider_ldap":{"version":0,"block":{"attributes":{"base_dn":{"type":"string","description_kind":"plain","required":true},"bind_flow":{"type":"string","description_kind":"plain","required":true},"bind_mode":{"type":"string","description":"Defaults to `direct`.","description_kind":"markdown","optional":true},"certificate":{"type":"string","description_kind":"plain","optional":true},"gid_start_number":{"type":"number","description":"Defaults to `4000`.","description_kind":"markdown","optional":true},"id":{"type":"string","description_kind":"plain","optional":true,"computed":true},"name":{"type":"string","description_kind":"plain","required":true},"search_group":{"type":"string","description_kind":"plain","optional":true},"search_mode":{"type":"string","description":"Defaults to `direct`.","description_kind":"markdown","optional":true},"tls_server_name":{"type":"string","description_kind":"plain","optional":true},"uid_start_number":{"type":"number","description":"Defaults to `2000`.","description_kind":"markdown","optional":true}},"description_kind":"plain"}},"authentik_provider_oauth2":{"version":0,"block":{"attributes":{"access_code_validity":{"type":"string","description":"Defaults to `minutes=1`.","description_kind":"markdown","optional":true},"authorization_flow":{"type":"string","description_kind":"plain","required":true},"client_id":{"type":"string","description_kind":"plain","required":true},"client_secret":{"type":"string","description_kind":"plain","optional":true,"sensitive":true},"client_type":{"type":"string","description":"Defaults to `confidential`.","description_kind":"markdown","optional":true},"id":{"type":"string","description_kind":"plain","optional":true,"computed":true},"include_claims_in_id_token":{"type":"bool","description":"Defaults to `true`.","description_kind":"markdown","optional":true},"issuer_mode":{"type":"string","description":"Defaults to `per_provider`.","description_kind":"markdown","optional":true},"jwks_sources":{"type":["list","string"],"description":"JWTs issued by keys configured in any of the selected sources can be used to authenticate on behalf of this provider.","description_kind":"markdown","optional":true},"name":{"type":"string","description_kind":"plain","required":true},"property_mappings":{"type":["list","string"],"description_kind":"plain","optional":true},"redirect_uris":{"type":["list","string"],"description_kind":"plain","optional":true},"signing_key":{"type":"string","description_kind":"plain","optional":true},"sub_mode":{"type":"string","description":"Defaults to `hashed_user_id`.","description_kind":"markdown","optional":true},"token_validity":{"type":"string","description":"Defaults to `minutes=10`.","description_kind":"markdown","optional":true},"verification_keys":{"type":["list","string"],"description_kind":"plain","deprecated":true,"optional":true}},"description_kind":"plain"}},"authentik_provider_proxy":{"version":0,"block":{"attributes":{"authorization_flow":{"type":"string","description_kind":"plain","required":true},"basic_auth_enabled":{"type":"bool","description":"Defaults to `false`.","description_kind":"markdown","optional":true},"basic_auth_password_attribute":{"type":"string","description_kind":"plain","optional":true},"basic_auth_username_attribute":{"type":"string","description_kind":"plain","optional":true},"cookie_domain":{"type":"string","description_kind":"plain","optional":true},"external_host":{"type":"string","description_kind":"plain","required":true},"id":{"type":"string","description_kind":"plain","optional":true,"computed":true},"internal_host":{"type":"string","description_kind":"plain","optional":true},"internal_host_ssl_validation":{"type":"bool","description":"Defaults to `true`.","description_kind":"markdown","optional":true},"mode":{"type":"string","description":"Defaults to `proxy`.","description_kind":"markdown","optional":true},"name":{"type":"string","description_kind":"plain","required":true},"skip_path_regex":{"type":"string","description_kind":"plain","optional":true},"token_validity":{"type":"string","description":"Defaults to `hours=24`.","description_kind":"markdown","optional":true}},"description_kind":"plain"}},"authentik_provider_saml":{"version":0,"block":{"attributes":{"acs_url":{"type":"string","description_kind":"plain","required":true},"assertion_valid_not_before":{"type":"string","description":"Defaults to `minutes=3`.","description_kind":"markdown","optional":true},"assertion_valid_not_on_or_after":{"type":"string","description":"Defaults to `minutes=3`.","description_kind":"markdown","optional":true},"audience":{"type":"string","description":"Defaults to ``.","description_kind":"markdown","optional":true},"authorization_flow":{"type":"string","description_kind":"plain","required":true},"digest_algorithm":{"type":"string","description":"Defaults to `http://www.w3.org/2001/04/xmlenc#sha256`.","description_kind":"markdown","optional":true},"id":{"type":"string","description_kind":"plain","optional":true,"computed":true},"issuer":{"type":"string","description":"Defaults to `authentik`.","description_kind":"markdown","optional":true},"name":{"type":"string","description_kind":"plain","required":true},"name_id_mapping":{"type":"string","description_kind":"plain","optional":true},"property_mappings":{"type":["list","string"],"description_kind":"plain","optional":true},"session_valid_not_on_or_after":{"type":"string","description":"Defaults to `minutes=3`.","description_kind":"markdown","optional":true},"signature_algorithm":{"type":"string","description":"Defaults to `http://www.w3.org/2001/04/xmldsig-more#rsa-sha256`.","description_kind":"markdown","optional":true},"signing_kp":{"type":"string","description_kind":"plain","optional":true},"sp_binding":{"type":"string","description":"Defaults to `redirect`.","description_kind":"markdown","optional":true},"verification_kp":{"type":"string","description_kind":"plain","optional":true}},"description_kind":"plain"}},"authentik_scope_mapping":{"version":0,"block":{"attributes":{"description":{"type":"string","description_kind":"plain","optional":true},"expression":{"type":"string","description_kind":"plain","required":true},"id":{"type":"string","description_kind":"plain","optional":true,"computed":true},"name":{"type":"string","description_kind":"plain","required":true},"scope_name":{"type":"string","description_kind":"plain","required":true}},"description_kind":"plain"}},"authentik_service_connection_docker":{"version":0,"block":{"attributes":{"id":{"type":"string","description_kind":"plain","optional":true,"computed":true},"local":{"type":"bool","description":"Defaults to `false`.","description_kind":"markdown","optional":true},"name":{"type":"string","description_kind":"plain","required":true},"tls_authentication":{"type":"string","description_kind":"plain","optional":true},"tls_verification":{"type":"string","description_kind":"plain","optional":true},"url":{"type":"string","description":"Defaults to `http+unix:///var/run/docker.sock`.","description_kind":"markdown","optional":true}},"description_kind":"plain"}},"authentik_service_connection_kubernetes":{"version":0,"block":{"attributes":{"id":{"type":"string","description_kind":"plain","optional":true,"computed":true},"kubeconfig":{"type":"string","description":"Defaults to `{}`.","description_kind":"markdown","optional":true},"local":{"type":"bool","description":"Defaults to `false`.","description_kind":"markdown","optional":true},"name":{"type":"string","description_kind":"plain","required":true}},"description_kind":"plain"}},"authentik_source_ldap":{"version":0,"block":{"attributes":{"additional_group_dn":{"type":"string","description":"Defaults to ``.","description_kind":"markdown","optional":true},"additional_user_dn":{"type":"string","description":"Defaults to ``.","description_kind":"markdown","optional":true},"base_dn":{"type":"string","description_kind":"plain","required":true},"bind_cn":{"type":"string","description_kind":"plain","required":true},"bind_password":{"type":"string","description_kind":"plain","required":true,"sensitive":true},"enabled":{"type":"bool","description":"Defaults to `true`.","description_kind":"markdown","optional":true},"group_membership_field":{"type":"string","description":"Defaults to `member`.","description_kind":"markdown","optional":true},"group_object_filter":{"type":"string","description":"Defaults to `(objectClass=group)`.","description_kind":"markdown","optional":true},"id":{"type":"string","description_kind":"plain","optional":true,"computed":true},"name":{"type":"string","description_kind":"plain","required":true},"object_uniqueness_field":{"type":"string","description":"Defaults to `objectSid`.","description_kind":"markdown","optional":true},"property_mappings":{"type":["list","string"],"description_kind":"plain","optional":true},"property_mappings_group":{"type":["list","string"],"description_kind":"plain","optional":true},"server_uri":{"type":"string","description_kind":"plain","required":true},"slug":{"type":"string","description_kind":"plain","required":true},"start_tls":{"type":"bool","description":"Defaults to `true`.","description_kind":"markdown","optional":true},"sync_groups":{"type":"bool","description":"Defaults to `true`.","description_kind":"markdown","optional":true},"sync_parent_group":{"type":"string","description_kind":"plain","optional":true},"sync_users":{"type":"bool","description":"Defaults to `true`.","description_kind":"markdown","optional":true},"sync_users_password":{"type":"bool","description":"Defaults to `true`.","description_kind":"markdown","optional":true},"user_object_filter":{"type":"string","description":"Defaults to `(objectClass=person)`.","description_kind":"markdown","optional":true},"uuid":{"type":"string","description_kind":"plain","optional":true,"computed":true}},"description_kind":"plain"}},"authentik_source_oauth":{"version":0,"block":{"attributes":{"access_token_url":{"type":"string","description":"Only required for OAuth1.","description_kind":"markdown","optional":true},"additional_scopes":{"type":"string","description_kind":"plain","optional":true},"authentication_flow":{"type":"string","description_kind":"plain","required":true},"authorization_url":{"type":"string","description":"Manually configure OAuth2 URLs when `oidc_well_known_url` is not set.","description_kind":"markdown","optional":true},"callback_uri":{"type":"string","description_kind":"plain","computed":true},"consumer_key":{"type":"string","description_kind":"plain","required":true},"consumer_secret":{"type":"string","description_kind":"plain","required":true,"sensitive":true},"enabled":{"type":"bool","description":"Defaults to `true`.","description_kind":"markdown","optional":true},"enrollment_flow":{"type":"string","description_kind":"plain","required":true},"id":{"type":"string","description_kind":"plain","optional":true,"computed":true},"name":{"type":"string","description_kind":"plain","required":true},"oidc_jwks":{"type":"string","description":"Manually configure JWKS keys for use with machine-to-machine authentication.","description_kind":"markdown","optional":true,"computed":true},"oidc_jwks_url":{"type":"string","description":"Automatically configure JWKS if not specified by `oidc_well_known_url`.","description_kind":"markdown","optional":true},"oidc_well_known_url":{"type":"string","description":"Automatically configure source from OIDC well-known endpoint. URL is taken as is, and should end with `.well-known/openid-configuration`.","description_kind":"markdown","optional":true},"policy_engine_mode":{"type":"string","description":"Defaults to `any`.","description_kind":"markdown","optional":true},"profile_url":{"type":"string","description":"Manually configure OAuth2 URLs when `oidc_well_known_url` is not set.","description_kind":"markdown","optional":true},"provider_type":{"type":"string","description_kind":"plain","required":true},"request_token_url":{"type":"string","description":"Manually configure OAuth2 URLs when `oidc_well_known_url` is not set.","description_kind":"markdown","optional":true},"slug":{"type":"string","description_kind":"plain","required":true},"user_matching_mode":{"type":"string","description":"Defaults to `identifier`.","description_kind":"markdown","optional":true},"uuid":{"type":"string","description_kind":"plain","optional":true,"computed":true}},"description_kind":"plain"}},"authentik_source_plex":{"version":0,"block":{"attributes":{"allow_friends":{"type":"bool","description":"Defaults to `true`.","description_kind":"markdown","optional":true},"allowed_servers":{"type":["list","string"],"description_kind":"plain","optional":true},"authentication_flow":{"type":"string","description_kind":"plain","required":true},"client_id":{"type":"string","description_kind":"plain","required":true},"enabled":{"type":"bool","description":"Defaults to `true`.","description_kind":"markdown","optional":true},"enrollment_flow":{"type":"string","description_kind":"plain","required":true},"id":{"type":"string","description_kind":"plain","optional":true,"computed":true},"name":{"type":"string","description_kind":"plain","required":true},"plex_token":{"type":"string","description_kind":"plain","required":true,"sensitive":true},"policy_engine_mode":{"type":"string","description":"Defaults to `any`.","description_kind":"markdown","optional":true},"slug":{"type":"string","description_kind":"plain","required":true},"user_matching_mode":{"type":"string","description":"Defaults to `identifier`.","description_kind":"markdown","optional":true},"uuid":{"type":"string","description_kind":"plain","optional":true,"computed":true}},"description_kind":"plain"}},"authentik_source_saml":{"version":0,"block":{"attributes":{"allow_idp_initiated":{"type":"bool","description":"Defaults to `false`.","description_kind":"markdown","optional":true},"authentication_flow":{"type":"string","description_kind":"plain","required":true},"binding_type":{"type":"string","description":"Defaults to `REDIRECT`.","description_kind":"markdown","optional":true},"digest_algorithm":{"type":"string","description":"Defaults to `http://www.w3.org/2001/04/xmlenc#sha256`.","description_kind":"markdown","optional":true},"enabled":{"type":"bool","description":"Defaults to `true`.","description_kind":"markdown","optional":true},"enrollment_flow":{"type":"string","description_kind":"plain","required":true},"id":{"type":"string","description_kind":"plain","optional":true,"computed":true},"issuer":{"type":"string","description_kind":"plain","optional":true},"name":{"type":"string","description_kind":"plain","required":true},"name_id_policy":{"type":"string","description":"Defaults to `urn:oasis:names:tc:SAML:2.0:nameid-format:persistent`.","description_kind":"markdown","optional":true},"policy_engine_mode":{"type":"string","description":"Defaults to `any`.","description_kind":"markdown","optional":true},"pre_authentication_flow":{"type":"string","description_kind":"plain","required":true},"signature_algorithm":{"type":"string","description":"Defaults to `http://www.w3.org/2001/04/xmldsig-more#rsa-sha256`.","description_kind":"markdown","optional":true},"signing_kp":{"type":"string","description_kind":"plain","optional":true},"slo_url":{"type":"string","description_kind":"plain","optional":true},"slug":{"type":"string","description_kind":"plain","required":true},"sso_url":{"type":"string","description_kind":"plain","required":true},"temporary_user_delete_after":{"type":"string","description":"Defaults to `days=1`.","description_kind":"markdown","optional":true},"user_matching_mode":{"type":"string","description":"Defaults to `identifier`.","description_kind":"markdown","optional":true},"uuid":{"type":"string","description_kind":"plain","optional":true,"computed":true}},"description_kind":"plain"}},"authentik_stage_authenticator_duo":{"version":0,"block":{"attributes":{"api_hostname":{"type":"string","description_kind":"plain","required":true},"client_id":{"type":"string","description_kind":"plain","required":true},"client_secret":{"type":"string","description_kind":"plain","required":true,"sensitive":true},"configure_flow":{"type":"string","description_kind":"plain","optional":true},"id":{"type":"string","description_kind":"plain","optional":true,"computed":true},"name":{"type":"string","description_kind":"plain","required":true}},"description_kind":"plain"}},"authentik_stage_authenticator_sms":{"version":0,"block":{"attributes":{"account_sid":{"type":"string","description_kind":"plain","required":true,"sensitive":true},"auth":{"type":"string","description_kind":"plain","required":true,"sensitive":true},"auth_password":{"type":"string","description_kind":"plain","optional":true,"sensitive":true},"auth_type":{"type":"string","description":"Defaults to `basic`.","description_kind":"markdown","optional":true},"configure_flow":{"type":"string","description_kind":"plain","optional":true},"from_number":{"type":"string","description_kind":"plain","required":true},"id":{"type":"string","description_kind":"plain","optional":true,"computed":true},"name":{"type":"string","description_kind":"plain","required":true},"sms_provider":{"type":"string","description":"Defaults to `twilio`.","description_kind":"markdown","optional":true},"verify_only":{"type":"bool","description":"Defaults to `false`.","description_kind":"markdown","optional":true}},"description_kind":"plain"}},"authentik_stage_authenticator_static":{"version":0,"block":{"attributes":{"configure_flow":{"type":"string","description_kind":"plain","optional":true},"id":{"type":"string","description_kind":"plain","optional":true,"computed":true},"name":{"type":"string","description_kind":"plain","required":true},"token_count":{"type":"number","description":"Defaults to `6`.","description_kind":"markdown","optional":true}},"description_kind":"plain"}},"authentik_stage_authenticator_totp":{"version":0,"block":{"attributes":{"configure_flow":{"type":"string","description_kind":"plain","optional":true},"digits":{"type":"number","description":"Defaults to `6`.","description_kind":"markdown","optional":true},"id":{"type":"string","description_kind":"plain","optional":true,"computed":true},"name":{"type":"string","description_kind":"plain","required":true}},"description_kind":"plain"}},"authentik_stage_authenticator_validate":{"version":0,"block":{"attributes":{"configuration_stages":{"type":["list","string"],"description_kind":"plain","optional":true},"device_classes":{"type":["list","string"],"description_kind":"plain","optional":true},"id":{"type":"string","description_kind":"plain","optional":true,"computed":true},"last_auth_threshold":{"type":"string","description":"Defaults to `seconds=0`.","description_kind":"markdown","optional":true},"name":{"type":"string","description_kind":"plain","required":true},"not_configured_action":{"type":"string","description_kind":"plain","required":true}},"description_kind":"plain"}},"authentik_stage_authenticator_webauthn":{"version":0,"block":{"attributes":{"configure_flow":{"type":"string","description_kind":"plain","optional":true},"id":{"type":"string","description_kind":"plain","optional":true,"computed":true},"name":{"type":"string","description_kind":"plain","required":true}},"description_kind":"plain"}},"authentik_stage_captcha":{"version":0,"block":{"attributes":{"id":{"type":"string","description_kind":"plain","optional":true,"computed":true},"name":{"type":"string","description_kind":"plain","required":true},"private_key":{"type":"string","description_kind":"plain","required":true,"sensitive":true},"public_key":{"type":"string","description_kind":"plain","required":true}},"description_kind":"plain"}},"authentik_stage_consent":{"version":0,"block":{"attributes":{"consent_expire_in":{"type":"string","description":"Defaults to `weeks=4`.","description_kind":"markdown","optional":true},"id":{"type":"string","description_kind":"plain","optional":true,"computed":true},"mode":{"type":"string","description":"Defaults to `always_require`.","description_kind":"markdown","optional":true},"name":{"type":"string","description_kind":"plain","required":true}},"description_kind":"plain"}},"authentik_stage_deny":{"version":0,"block":{"attributes":{"id":{"type":"string","description_kind":"plain","optional":true,"computed":true},"name":{"type":"string","description_kind":"plain","required":true}},"description_kind":"plain"}},"authentik_stage_dummy":{"version":0,"block":{"attributes":{"id":{"type":"string","description_kind":"plain","optional":true,"computed":true},"name":{"type":"string","description_kind":"plain","required":true}},"description_kind":"plain"}},"authentik_stage_email":{"version":0,"block":{"attributes":{"activate_user_on_success":{"type":"bool","description":"Defaults to `false`.","description_kind":"markdown","optional":true},"from_address":{"type":"string","description":"Defaults to `system@authentik.local`.","description_kind":"markdown","optional":true},"host":{"type":"string","description":"Defaults to `localhost`.","description_kind":"markdown","optional":true},"id":{"type":"string","description_kind":"plain","optional":true,"computed":true},"name":{"type":"string","description_kind":"plain","required":true},"password":{"type":"string","description_kind":"plain","optional":true,"sensitive":true},"port":{"type":"number","description":"Defaults to `25`.","description_kind":"markdown","optional":true},"subject":{"type":"string","description":"Defaults to `authentik`.","description_kind":"markdown","optional":true},"template":{"type":"string","description":"Defaults to `email/password_reset.html`.","description_kind":"markdown","optional":true},"timeout":{"type":"number","description":"Defaults to `30`.","description_kind":"markdown","optional":true},"token_expiry":{"type":"number","description":"Defaults to `30`.","description_kind":"markdown","optional":true},"use_global_settings":{"type":"bool","description":"Defaults to `true`.","description_kind":"markdown","optional":true},"use_ssl":{"type":"bool","description_kind":"plain","optional":true},"use_tls":{"type":"bool","description_kind":"plain","optional":true},"username":{"type":"string","description_kind":"plain","optional":true}},"description_kind":"plain"}},"authentik_stage_identification":{"version":0,"block":{"attributes":{"case_insensitive_matching":{"type":"bool","description_kind":"plain","optional":true},"enrollment_flow":{"type":"string","description_kind":"plain","optional":true},"id":{"type":"string","description_kind":"plain","optional":true,"computed":true},"name":{"type":"string","description_kind":"plain","required":true},"password_stage":{"type":"string","description_kind":"plain","optional":true},"passwordless_flow":{"type":"string","description_kind":"plain","optional":true},"recovery_flow":{"type":"string","description_kind":"plain","optional":true},"show_matched_user":{"type":"bool","description":"Defaults to `true`.","description_kind":"markdown","optional":true},"show_source_labels":{"type":"bool","description":"Defaults to `false`.","description_kind":"markdown","optional":true},"sources":{"type":["list","string"],"description_kind":"plain","optional":true},"user_fields":{"type":["list","string"],"description_kind":"plain","optional":true}},"description_kind":"plain"}},"authentik_stage_invitation":{"version":0,"block":{"attributes":{"continue_flow_without_invitation":{"type":"bool","description":"Defaults to `true`.","description_kind":"markdown","optional":true},"id":{"type":"string","description_kind":"plain","optional":true,"computed":true},"name":{"type":"string","description_kind":"plain","required":true}},"description_kind":"plain"}},"authentik_stage_password":{"version":0,"block":{"attributes":{"backends":{"type":["list","string"],"description_kind":"plain","required":true},"configure_flow":{"type":"string","description_kind":"plain","optional":true},"failed_attempts_before_cancel":{"type":"number","description":"Defaults to `5`.","description_kind":"markdown","optional":true},"id":{"type":"string","description_kind":"plain","optional":true,"computed":true},"name":{"type":"string","description_kind":"plain","required":true}},"description_kind":"plain"}},"authentik_stage_prompt":{"version":0,"block":{"attributes":{"fields":{"type":["list","string"],"description_kind":"plain","required":true},"id":{"type":"string","description_kind":"plain","optional":true,"computed":true},"name":{"type":"string","description_kind":"plain","required":true},"validation_policies":{"type":["list","string"],"description_kind":"plain","optional":true}},"description_kind":"plain"}},"authentik_stage_prompt_field":{"version":0,"block":{"attributes":{"field_key":{"type":"string","description_kind":"plain","required":true},"id":{"type":"string","description_kind":"plain","optional":true,"computed":true},"label":{"type":"string","description_kind":"plain","required":true},"order":{"type":"number","description_kind":"plain","optional":true},"placeholder":{"type":"string","description_kind":"plain","optional":true},"placeholder_expression":{"type":"bool","description":"Defaults to `false`.","description_kind":"markdown","optional":true},"required":{"type":"bool","description":"Defaults to `false`.","description_kind":"markdown","optional":true},"type":{"type":"string","description_kind":"plain","required":true}},"description_kind":"plain"}},"authentik_stage_user_delete":{"version":0,"block":{"attributes":{"id":{"type":"string","description_kind":"plain","optional":true,"computed":true},"name":{"type":"string","description_kind":"plain","required":true}},"description_kind":"plain"}},"authentik_stage_user_login":{"version":0,"block":{"attributes":{"id":{"type":"string","description_kind":"plain","optional":true,"computed":true},"name":{"type":"string","description_kind":"plain","required":true},"session_duration":{"type":"string","description":"Defaults to `seconds=0`.","description_kind":"markdown","optional":true}},"description_kind":"plain"}},"authentik_stage_user_logout":{"version":0,"block":{"attributes":{"id":{"type":"string","description_kind":"plain","optional":true,"computed":true},"name":{"type":"string","description_kind":"plain","required":true}},"description_kind":"plain"}},"authentik_stage_user_write":{"version":0,"block":{"attributes":{"create_users_as_inactive":{"type":"bool","description":"Defaults to `true`.","description_kind":"markdown","optional":true},"create_users_group":{"type":"string","description_kind":"plain","optional":true},"id":{"type":"string","description_kind":"plain","optional":true,"computed":true},"name":{"type":"string","description_kind":"plain","required":true}},"description_kind":"plain"}},"authentik_tenant":{"version":0,"block":{"attributes":{"attributes":{"type":"string","description":"Defaults to `{}`.","description_kind":"markdown","optional":true},"branding_favicon":{"type":"string","description_kind":"plain","optional":true},"branding_logo":{"type":"string","description_kind":"plain","optional":true},"branding_title":{"type":"string","description":"Defaults to `authentik`.","description_kind":"markdown","optional":true},"default":{"type":"bool","description":"Defaults to `false`.","description_kind":"markdown","optional":true},"domain":{"type":"string","description_kind":"plain","required":true},"event_retention":{"type":"string","description":"Defaults to `days=365`.","description_kind":"markdown","optional":true},"flow_authentication":{"type":"string","description_kind":"plain","optional":true},"flow_invalidation":{"type":"string","description_kind":"plain","optional":true},"flow_recovery":{"type":"string","description_kind":"plain","optional":true},"flow_unenrollment":{"type":"string","description_kind":"plain","optional":true},"flow_user_settings":{"type":"string","description_kind":"plain","optional":true},"id":{"type":"string","description_kind":"plain","optional":true,"computed":true},"web_certificate":{"type":"string","description_kind":"plain","optional":true}},"description_kind":"plain"}},"authentik_token":{"version":0,"block":{"attributes":{"description":{"type":"string","description_kind":"plain","optional":true},"expires":{"type":"string","description_kind":"plain","optional":true},"expires_in":{"type":"number","description_kind":"plain","computed":true},"expiring":{"type":"bool","description":"Defaults to `true`.","description_kind":"markdown","optional":true},"id":{"type":"string","description_kind":"plain","optional":true,"computed":true},"identifier":{"type":"string","description_kind":"plain","required":true},"intent":{"type":"string","description":"Defaults to `api`.","description_kind":"markdown","optional":true},"key":{"type":"string","description_kind":"plain","computed":true,"sensitive":true},"retrieve_key":{"type":"bool","description":"Defaults to `false`.","description_kind":"markdown","optional":true},"user":{"type":"number","description_kind":"plain","required":true}},"description_kind":"plain"}},"authentik_user":{"version":0,"block":{"attributes":{"attributes":{"type":"string","description":"Defaults to `{}`.","description_kind":"markdown","optional":true},"email":{"type":"string","description_kind":"plain","optional":true},"groups":{"type":["list","string"],"description_kind":"plain","optional":true,"computed":true},"id":{"type":"string","description_kind":"plain","optional":true,"computed":true},"is_active":{"type":"bool","description":"Defaults to `true`.","description_kind":"markdown","optional":true},"name":{"type":"string","description":"Defaults to ``.","description_kind":"markdown","optional":true},"username":{"type":"string","description_kind":"plain","required":true}},"description_kind":"plain"}}},"data_source_schemas":{"authentik_certificate_key_pair":{"version":0,"block":{"attributes":{"certificate_data":{"type":"string","description_kind":"plain","computed":true},"expiry":{"type":"string","description_kind":"plain","computed":true},"fingerprint1":{"type":"string","description":"SHA1-hashed certificate fingerprint","description_kind":"markdown","computed":true},"fingerprint256":{"type":"string","description":"SHA256-hashed certificate fingerprint","description_kind":"markdown","computed":true},"id":{"type":"string","description_kind":"plain","computed":true},"key_data":{"type":"string","description_kind":"plain","optional":true,"computed":true,"sensitive":true},"name":{"type":"string","description_kind":"plain","required":true},"subject":{"type":"string","description_kind":"plain","computed":true}},"description":"Get certificate-key pairs by name","description_kind":"markdown"}},"authentik_flow":{"version":0,"block":{"attributes":{"designation":{"type":"string","description_kind":"plain","optional":true,"computed":true},"id":{"type":"string","description_kind":"plain","optional":true,"computed":true},"name":{"type":"string","description_kind":"plain","computed":true},"slug":{"type":"string","description_kind":"plain","optional":true,"computed":true},"title":{"type":"string","description_kind":"plain","computed":true}},"description":"Get flows by Slug and/or designation","description_kind":"markdown"}},"authentik_group":{"version":0,"block":{"attributes":{"attributes":{"type":"string","description_kind":"plain","computed":true},"id":{"type":"string","description_kind":"plain","optional":true,"computed":true},"is_superuser":{"type":"bool","description_kind":"plain","computed":true},"name":{"type":"string","description_kind":"plain","required":true}},"description":"Get groups by name","description_kind":"markdown"}},"authentik_property_mapping_ldap":{"version":0,"block":{"attributes":{"expression":{"type":"string","description_kind":"plain","computed":true},"id":{"type":"string","description_kind":"plain","optional":true,"computed":true},"ids":{"type":["list","string"],"description":"List of ids when `managed_list` is set.","description_kind":"markdown","optional":true,"computed":true},"managed":{"type":"string","description_kind":"plain","optional":true},"managed_list":{"type":["list","string"],"description":"Retrive multiple property mappings","description_kind":"markdown","optional":true},"name":{"type":"string","description_kind":"plain","optional":true},"object_field":{"type":"string","description_kind":"plain","optional":true,"computed":true}},"description":"Get LDAP Property mappings","description_kind":"markdown"}},"authentik_property_mapping_saml":{"version":0,"block":{"attributes":{"expression":{"type":"string","description_kind":"plain","optional":true,"computed":true},"friendly_name":{"type":"string","description_kind":"plain","optional":true,"computed":true},"id":{"type":"string","description_kind":"plain","optional":true,"computed":true},"ids":{"type":["list","string"],"description":"List of ids when `managed_list` is set.","description_kind":"markdown","optional":true,"computed":true},"managed":{"type":"string","description_kind":"plain","optional":true},"managed_list":{"type":["list","string"],"description":"Retrive multiple property mappings","description_kind":"markdown","optional":true},"name":{"type":"string","description_kind":"plain","optional":true},"saml_name":{"type":"string","description_kind":"plain","optional":true,"computed":true}},"description":"Get SAML Property mappings","description_kind":"markdown"}},"authentik_scope_mapping":{"version":0,"block":{"attributes":{"description":{"type":"string","description_kind":"plain","computed":true},"expression":{"type":"string","description_kind":"plain","computed":true},"id":{"type":"string","description_kind":"plain","optional":true,"computed":true},"ids":{"type":["list","string"],"description":"List of ids when `managed_list` is set.","description_kind":"markdown","optional":true,"computed":true},"managed":{"type":"string","description_kind":"plain","optional":true},"managed_list":{"type":["list","string"],"description":"Retrive multiple property mappings","description_kind":"markdown","optional":true},"name":{"type":"string","description_kind":"plain","optional":true},"scope_name":{"type":"string","description_kind":"plain","optional":true,"computed":true}},"description":"Get OAuth Scope mappings","description_kind":"markdown"}},"authentik_source":{"version":0,"block":{"attributes":{"id":{"type":"string","description_kind":"plain","optional":true,"computed":true},"managed":{"type":"string","description_kind":"plain","optional":true,"computed":true},"name":{"type":"string","description_kind":"plain","computed":true},"slug":{"type":"string","description_kind":"plain","optional":true,"computed":true},"uuid":{"type":"string","description_kind":"plain","computed":true}},"description":"Get Source by name, slug or managed","description_kind":"markdown"}}}}}}
